
Microsoft Visual Studio Solution File, Format Version 12.00
# Visual Studio Version 16
VisualStudioVersion = 16.0.30907.101
MinimumVisualStudioVersion = 10.0.40219.1
Project("{FAE04EC0-301F-11D3-BF4B-00C04F79EFBC}") = "การบ้านครั้งที่4", "การบ้านครั้งที่4\การบ้านครั้งที่4.csproj", "{4520A201-4330-4A48-B02C-E6B837DC6653}"
EndProject
Global
	GlobalSection(SolutionConfigurationPlatforms) = preSolution
		Debug|Any CPU = Debug|Any CPU
		Release|Any CPU = Release|Any CPU
	EndGlobalSection
	GlobalSection(ProjectConfigurationPlatforms) = postSolution
		{4520A201-4330-4A48-B02C-E6B837DC6653}.Debug|Any CPU.ActiveCfg = Debug|Any CPU
		{4520A201-4330-4A48-B02C-E6B837DC6653}.Debug|Any CPU.Build.0 = Debug|Any CPU
		{4520A201-4330-4A48-B02C-E6B837DC6653}.Release|Any CPU.ActiveCfg = Release|Any CPU
		{4520A201-4330-4A48-B02C-E6B837DC6653}.Release|Any CPU.Build.0 = Release|Any CPU
	EndGlobalSection
	GlobalSection(SolutionProperties) = preSolution
		HideSolutionNode = FALSE
	EndGlobalSection
	GlobalSection(ExtensibilityGlobals) = postSolution
		SolutionGuid = {D289573D-A500-4773-82F7-B93448854097}
	EndGlobalSection
EndGlobal
